
Microsoft Visual Studio Solution File, Format Version 12.00
# Visual Studio 15
VisualStudioVersion = 15.0.28307.572
MinimumVisualStudioVersion = 10.0.40219.1
Project("{FAE04EC0-301F-11D3-BF4B-00C04F79EFBC}") = "ComplGen.Android", "ComplGen\ComplGen.Android\ComplGen.Android.csproj", "{0BF420AD-9C70-48AA-AC33-31FE1A50F555}"
EndProject
Project("{FAE04EC0-301F-11D3-BF4B-00C04F79EFBC}") = "ComplGen.iOS", "ComplGen\ComplGen.iOS\ComplGen.iOS.csproj", "{8C8396E1-8923-4DF6-9E77-21ABC62C83F4}"
EndProject
Project("{FAE04EC0-301F-11D3-BF4B-00C04F79EFBC}") = "ComplGen", "ComplGen\ComplGen\ComplGen.csproj", "{DB268B58-F4EA-44B7-B430-C39FEF98F8E2}"
EndProject
Global
	GlobalSection(SolutionConfigurationPlatforms) = preSolution
		Ad-Hoc|Any CPU = Ad-Hoc|Any CPU
		Ad-Hoc|iPhone = Ad-Hoc|iPhone
		Ad-Hoc|iPhoneSimulator = Ad-Hoc|iPhoneSimulator
		AppStore|Any CPU = AppStore|Any CPU
		AppStore|iPhone = AppStore|iPhone
		AppStore|iPhoneSimulator = AppStore|iPhoneSimulator
		Debug|Any CPU = Debug|Any CPU
		Debug|iPhone = Debug|iPhone
		Debug|iPhoneSimulator = Debug|iPhoneSimulator
		Release|Any CPU = Release|Any CPU
		Release|iPhone = Release|iPhone
		Release|iPhoneSimulator = Release|iPhoneSimulator
	EndGlobalSection
	GlobalSection(ProjectConfigurationPlatforms) = postSolution
		{0BF420AD-9C70-48AA-AC33-31FE1A50F555}.Ad-Hoc|Any CPU.ActiveCfg = Release|Any CPU
		{0BF420AD-9C70-48AA-AC33-31FE1A50F555}.Ad-Hoc|Any CPU.Build.0 = Release|Any CPU
		{0BF420AD-9C70-48AA-AC33-31FE1A50F555}.Ad-Hoc|Any CPU.Deploy.0 = Release|Any CPU
		{0BF420AD-9C70-48AA-AC33-31FE1A50F555}.Ad-Hoc|iPhone.ActiveCfg = Release|Any CPU
		{0BF420AD-9C70-48AA-AC33-31FE1A50F555}.Ad-Hoc|iPhone.Build.0 = Release|Any CPU
		{0BF420AD-9C70-48AA-AC33-31FE1A50F555}.Ad-Hoc|iPhone.Deploy.0 = Release|Any CPU
		{0BF420AD-9C70-48AA-AC33-31FE1A50F555}.Ad-Hoc|iPhoneSimulator.ActiveCfg = Release|Any CPU
		{0BF420AD-9C70-48AA-AC33-31FE1A50F555}.Ad-Hoc|iPhoneSimulator.Build.0 = Release|Any CPU
		{0BF420AD-9C70-48AA-AC33-31FE1A50F555}.Ad-Hoc|iPhoneSimulator.Deploy.0 = Release|Any CPU
		{0BF420AD-9C70-48AA-AC33-31FE1A50F555}.AppStore|Any CPU.ActiveCfg = Release|Any CPU
		{0BF420AD-9C70-48AA-AC33-31FE1A50F555}.AppStore|Any CPU.Build.0 = Release|Any CPU
		{0BF420AD-9C70-48AA-AC33-31FE1A50F555}.AppStore|Any CPU.Deploy.0 = Release|Any CPU
		{0BF420AD-9C70-48AA-AC33-31FE1A50F555}.AppStore|iPhone.ActiveCfg = Release|Any CPU
		{0BF420AD-9C70-48AA-AC33-31FE1A50F555}.AppStore|iPhone.Build.0 = Release|Any CPU
		{0BF420AD-9C70-48AA-AC33-31FE1A50F555}.AppStore|iPhone.Deploy.0 = Release|Any CPU
		{0BF420AD-9C70-48AA-AC33-31FE1A50F555}.AppStore|iPhoneSimulator.ActiveCfg = Release|Any CPU
		{0BF420AD-9C70-48AA-AC33-31FE1A50F555}.AppStore|iPhoneSimulator.Build.0 = Release|Any CPU
		{0BF420AD-9C70-48AA-AC33-31FE1A50F555}.AppStore|iPhoneSimulator.Deploy.0 = Release|Any CPU
		{0BF420AD-9C70-48AA-AC33-31FE1A50F555}.Debug|Any CPU.ActiveCfg = Debug|Any CPU
		{0BF420AD-9C70-48AA-AC33-31FE1A50F555}.Debug|Any CPU.Build.0 = Debug|Any CPU
		{0BF420AD-9C70-48AA-AC33-31FE1A50F555}.Debug|Any CPU.Deploy.0 = Debug|Any CPU
		{0BF420AD-9C70-48AA-AC33-31FE1A50F555}.Debug|iPhone.ActiveCfg = Debug|Any CPU
		{0BF420AD-9C70-48AA-AC33-31FE1A50F555}.Debug|iPhone.Build.0 = Debug|Any CPU
		{0BF420AD-9C70-48AA-AC33-31FE1A50F555}.Debug|iPhone.Deploy.0 = Debug|Any CPU
		{0BF420AD-9C70-48AA-AC33-31FE1A50F555}.Debug|iPhoneSimulator.ActiveCfg = Debug|Any CPU
		{0BF420AD-9C70-48AA-AC33-31FE1A50F555}.Debug|iPhoneSimulator.Build.0 = Debug|Any CPU
		{0BF420AD-9C70-48AA-AC33-31FE1A50F555}.Debug|iPhoneSimulator.Deploy.0 = Debug|Any CPU
		{0BF420AD-9C70-48AA-AC33-31FE1A50F555}.Release|Any CPU.ActiveCfg = Release|Any CPU
		{0BF420AD-9C70-48AA-AC33-31FE1A50F555}.Release|Any CPU.Build.0 = Release|Any CPU
		{0BF420AD-9C70-48AA-AC33-31FE1A50F555}.Release|Any CPU.Deploy.0 = Release|Any CPU
		{0BF420AD-9C70-48AA-AC33-31FE1A50F555}.Release|iPhone.ActiveCfg = Release|Any CPU
		{0BF420AD-9C70-48AA-AC33-31FE1A50F555}.Release|iPhone.Build.0 = Release|Any CPU
		{0BF420AD-9C70-48AA-AC33-31FE1A50F555}.Release|iPhone.Deploy.0 = Release|Any CPU
		{0BF420AD-9C70-48AA-AC33-31FE1A50F555}.Release|iPhoneSimulator.ActiveCfg = Release|Any CPU
		{0BF420AD-9C70-48AA-AC33-31FE1A50F555}.Release|iPhoneSimulator.Build.0 = Release|Any CPU
		{0BF420AD-9C70-48AA-AC33-31FE1A50F555}.Release|iPhoneSimulator.Deploy.0 = Release|Any CPU
		{8C8396E1-8923-4DF6-9E77-21ABC62C83F4}.Ad-Hoc|Any CPU.ActiveCfg = Ad-Hoc|iPhone
		{8C8396E1-8923-4DF6-9E77-21ABC62C83F4}.Ad-Hoc|Any CPU.Build.0 = Ad-Hoc|iPhone
		{8C8396E1-8923-4DF6-9E77-21ABC62C83F4}.Ad-Hoc|Any CPU.Deploy.0 = Ad-Hoc|iPhone
		{8C8396E1-8923-4DF6-9E77-21ABC62C83F4}.Ad-Hoc|iPhone.ActiveCfg = Ad-Hoc|iPhone
		{8C8396E1-8923-4DF6-9E77-21ABC62C83F4}.Ad-Hoc|iPhone.Build.0 = Ad-Hoc|iPhone
		{8C8396E1-8923-4DF6-9E77-21ABC62C83F4}.Ad-Hoc|iPhone.Deploy.0 = Ad-Hoc|iPhone
		{8C8396E1-8923-4DF6-9E77-21ABC62C83F4}.Ad-Hoc|iPhoneSimulator.ActiveCfg = Ad-Hoc|iPhoneSimulator
		{8C8396E1-8923-4DF6-9E77-21ABC62C83F4}.Ad-Hoc|iPhoneSimulator.Build.0 = Ad-Hoc|iPhoneSimulator
		{8C8396E1-8923-4DF6-9E77-21ABC62C83F4}.Ad-Hoc|iPhoneSimulator.Deploy.0 = Ad-Hoc|iPhoneSimulator
		{8C8396E1-8923-4DF6-9E77-21ABC62C83F4}.AppStore|Any CPU.ActiveCfg = AppStore|iPhone
		{8C8396E1-8923-4DF6-9E77-21ABC62C83F4}.AppStore|Any CPU.Build.0 = AppStore|iPhone
		{8C8396E1-8923-4DF6-9E77-21ABC62C83F4}.AppStore|Any CPU.Deploy.0 = AppStore|iPhone
		{8C8396E1-8923-4DF6-9E77-21ABC62C83F4}.AppStore|iPhone.ActiveCfg = AppStore|iPhone
		{8C8396E1-8923-4DF6-9E77-21ABC62C83F4}.AppStore|iPhone.Build.0 = AppStore|iPhone
		{8C8396E1-8923-4DF6-9E77-21ABC62C83F4}.AppStore|iPhone.Deploy.0 = AppStore|iPhone
		{8C8396E1-8923-4DF6-9E77-21ABC62C83F4}.AppStore|iPhoneSimulator.ActiveCfg = AppStore|iPhoneSimulator
		{8C8396E1-8923-4DF6-9E77-21ABC62C83F4}.AppStore|iPhoneSimulator.Build.0 = AppStore|iPhoneSimulator
		{8C8396E1-8923-4DF6-9E77-21ABC62C83F4}.AppStore|iPhoneSimulator.Deploy.0 = AppStore|iPhoneSimulator
		{8C8396E1-8923-4DF6-9E77-21ABC62C83F4}.Debug|Any CPU.ActiveCfg = Debug|iPhoneSimulator
		{8C8396E1-8923-4DF6-9E77-21ABC62C83F4}.Debug|Any CPU.Build.0 = Debug|iPhoneSimulator
		{8C8396E1-8923-4DF6-9E77-21ABC62C83F4}.Debug|Any CPU.Deploy.0 = Debug|iPhoneSimulator
		{8C8396E1-8923-4DF6-9E77-21ABC62C83F4}.Debug|iPhone.ActiveCfg = Debug|iPhone
		{8C8396E1-8923-4DF6-9E77-21ABC62C83F4}.Debug|iPhone.Build.0 = Debug|iPhone
		{8C8396E1-8923-4DF6-9E77-21ABC62C83F4}.Debug|iPhone.Deploy.0 = Debug|iPhone
		{8C8396E1-8923-4DF6-9E77-21ABC62C83F4}.Debug|iPhoneSimulator.ActiveCfg = Debug|iPhoneSimulator
		{8C8396E1-8923-4DF6-9E77-21ABC62C83F4}.Debug|iPhoneSimulator.Build.0 = Debug|iPhoneSimulator
		{8C8396E1-8923-4DF6-9E77-21ABC62C83F4}.Debug|iPhoneSimulator.Deploy.0 = Debug|iPhoneSimulator
		{8C8396E1-8923-4DF6-9E77-21ABC62C83F4}.Release|Any CPU.ActiveCfg = Release|iPhone
		{8C8396E1-8923-4DF6-9E77-21ABC62C83F4}.Release|Any CPU.Build.0 = Release|iPhone
		{8C8396E1-8923-4DF6-9E77-21ABC62C83F4}.Release|Any CPU.Deploy.0 = Release|iPhone
		{8C8396E1-8923-4DF6-9E77-21ABC62C83F4}.Release|iPhone.ActiveCfg = Release|iPhone
		{8C8396E1-8923-4DF6-9E77-21ABC62C83F4}.Release|iPhone.Build.0 = Release|iPhone
		{8C8396E1-8923-4DF6-9E77-21ABC62C83F4}.Release|iPhone.Deploy.0 = Release|iPhone
		{8C8396E1-8923-4DF6-9E77-21ABC62C83F4}.Release|iPhoneSimulator.ActiveCfg = Release|iPhoneSimulator
		{8C8396E1-8923-4DF6-9E77-21ABC62C83F4}.Release|iPhoneSimulator.Build.0 = Release|iPhoneSimulator
		{8C8396E1-8923-4DF6-9E77-21ABC62C83F4}.Release|iPhoneSimulator.Deploy.0 = Release|iPhoneSimulator
		{DB268B58-F4EA-44B7-B430-C39FEF98F8E2}.Ad-Hoc|Any CPU.ActiveCfg = Debug|Any CPU
		{DB268B58-F4EA-44B7-B430-C39FEF98F8E2}.Ad-Hoc|Any CPU.Build.0 = Debug|Any CPU
		{DB268B58-F4EA-44B7-B430-C39FEF98F8E2}.Ad-Hoc|Any CPU.Deploy.0 = Debug|Any CPU
		{DB268B58-F4EA-44B7-B430-C39FEF98F8E2}.Ad-Hoc|iPhone.ActiveCfg = Debug|Any CPU
		{DB268B58-F4EA-44B7-B430-C39FEF98F8E2}.Ad-Hoc|iPhone.Build.0 = Debug|Any CPU
		{DB268B58-F4EA-44B7-B430-C39FEF98F8E2}.Ad-Hoc|iPhone.Deploy.0 = Debug|Any CPU
		{DB268B58-F4EA-44B7-B430-C39FEF98F8E2}.Ad-Hoc|iPhoneSimulator.ActiveCfg = Debug|Any CPU
		{DB268B58-F4EA-44B7-B430-C39FEF98F8E2}.Ad-Hoc|iPhoneSimulator.Build.0 = Debug|Any CPU
		{DB268B58-F4EA-44B7-B430-C39FEF98F8E2}.Ad-Hoc|iPhoneSimulator.Deploy.0 = Debug|Any CPU
		{DB268B58-F4EA-44B7-B430-C39FEF98F8E2}.AppStore|Any CPU.ActiveCfg = Debug|Any CPU
		{DB268B58-F4EA-44B7-B430-C39FEF98F8E2}.AppStore|Any CPU.Build.0 = Debug|Any CPU
		{DB268B58-F4EA-44B7-B430-C39FEF98F8E2}.AppStore|Any CPU.Deploy.0 = Debug|Any CPU
		{DB268B58-F4EA-44B7-B430-C39FEF98F8E2}.AppStore|iPhone.ActiveCfg = Debug|Any CPU
		{DB268B58-F4EA-44B7-B430-C39FEF98F8E2}.AppStore|iPhone.Build.0 = Debug|Any CPU
		{DB268B58-F4EA-44B7-B430-C39FEF98F8E2}.AppStore|iPhone.Deploy.0 = Debug|Any CPU
		{DB268B58-F4EA-44B7-B430-C39FEF98F8E2}.AppStore|iPhoneSimulator.ActiveCfg = Debug|Any CPU
		{DB268B58-F4EA-44B7-B430-C39FEF98F8E2}.AppStore|iPhoneSimulator.Build.0 = Debug|Any CPU
		{DB268B58-F4EA-44B7-B430-C39FEF98F8E2}.AppStore|iPhoneSimulator.Deploy.0 = Debug|Any CPU
		{DB268B58-F4EA-44B7-B430-C39FEF98F8E2}.Debug|Any CPU.ActiveCfg = Debug|Any CPU
		{DB268B58-F4EA-44B7-B430-C39FEF98F8E2}.Debug|Any CPU.Build.0 = Debug|Any CPU
		{DB268B58-F4EA-44B7-B430-C39FEF98F8E2}.Debug|Any CPU.Deploy.0 = Debug|Any CPU
		{DB268B58-F4EA-44B7-B430-C39FEF98F8E2}.Debug|iPhone.ActiveCfg = Debug|Any CPU
		{DB268B58-F4EA-44B7-B430-C39FEF98F8E2}.Debug|iPhone.Build.0 = Debug|Any CPU
		{DB268B58-F4EA-44B7-B430-C39FEF98F8E2}.Debug|iPhone.Deploy.0 = Debug|Any CPU
		{DB268B58-F4EA-44B7-B430-C39FEF98F8E2}.Debug|iPhoneSimulator.ActiveCfg = Debug|Any CPU
		{DB268B58-F4EA-44B7-B430-C39FEF98F8E2}.Debug|iPhoneSimulator.Build.0 = Debug|Any CPU
		{DB268B58-F4EA-44B7-B430-C39FEF98F8E2}.Debug|iPhoneSimulator.Deploy.0 = Debug|Any CPU
		{DB268B58-F4EA-44B7-B430-C39FEF98F8E2}.Release|Any CPU.ActiveCfg = Release|Any CPU
		{DB268B58-F4EA-44B7-B430-C39FEF98F8E2}.Release|Any CPU.Build.0 = Release|Any CPU
		{DB268B58-F4EA-44B7-B430-C39FEF98F8E2}.Release|Any CPU.Deploy.0 = Release|Any CPU
		{DB268B58-F4EA-44B7-B430-C39FEF98F8E2}.Release|iPhone.ActiveCfg = Release|Any CPU
		{DB268B58-F4EA-44B7-B430-C39FEF98F8E2}.Release|iPhone.Build.0 = Release|Any CPU
		{DB268B58-F4EA-44B7-B430-C39FEF98F8E2}.Release|iPhone.Deploy.0 = Release|Any CPU
		{DB268B58-F4EA-44B7-B430-C39FEF98F8E2}.Release|iPhoneSimulator.ActiveCfg = Release|Any CPU
		{DB268B58-F4EA-44B7-B430-C39FEF98F8E2}.Release|iPhoneSimulator.Build.0 = Release|Any CPU
		{DB268B58-F4EA-44B7-B430-C39FEF98F8E2}.Release|iPhoneSimulator.Deploy.0 = Release|Any CPU
	EndGlobalSection
	GlobalSection(SolutionProperties) = preSolution
		HideSolutionNode = FALSE
	EndGlobalSection
	GlobalSection(ExtensibilityGlobals) = postSolution
		SolutionGuid = {AF3A8F08-70FE-4275-9E87-A6CCA12630B3}
	EndGlobalSection
EndGlobal
